{
  "name": "passarim-design-tools",
  "lockfileVersion": 3,
  "requires": true,
  "packages": {
    "": {
      "name": "passarim-design-tools",
      "devDependencies": {
        "@fontsource-variable/manrope": "^5.3.0",
        "playwright-core": "^1.63.0"
      }
    },
    "node_modules/@fontsource-variable/manrope": {
      "version": "5.3.0",
      "resolved": "https://registry.npmjs.org/@fontsource-variable/manrope/-/manrope-5.3.0.tgz",
      "integrity": "sha512-6D5dgokHsWDDMtmXHznKa0hK229NN+1a4BLPmUCLqcO1Pw5EEhWY5RFt0AcXnVRAljFFPfRtLkJePQj6LSsV6g==",
      "dev": true,
      "license": "OFL-1.1",
      "funding": {
        "url": "https://github.com/sponsors/ayuhito"
      }
    },
    "node_modules/playwright-core": {
      "version": "1.63.0",
      "resolved": "https://registry.npmjs.org/playwright-core/-/playwright-core-1.63.0.tgz",
      "integrity": "sha512-rYCsBF/M5HjUch52bbtVONEFjv6Xu8sm8h72dNlR5bzIE1fvC/bxgspzkjSfU+MweEMmPM8KJebG6nnyxo5mCg==",
      "dev": true,
      "license": "Apache-2.0",
      "bin": {
        "playwright-core": "cli.js"
      },
      "engines": {
        "node": ">=20"
      }
    }
  }
}
